
Microsoft Visual Studio Solution File, Format Version 12.00
# Visual Studio Version 17
VisualStudioVersion = 17.11.35312.102
MinimumVisualStudioVersion = 10.0.40219.1
Project("{FAE04EC0-301F-11D3-BF4B-00C04F79EFBC}") = "HUB", "HUB.csproj", "{14167214-E025-49AA-AC13-EF45E2A239C1}"
EndProject
Global
	GlobalSection(SolutionConfigurationPlatforms) = preSolution
		Debug|Any CPU = Debug|Any CPU
		Release|Any CPU = Release|Any CPU
	EndGlobalSection
	GlobalSection(ProjectConfigurationPlatforms) = postSolution
		{14167214-E025-49AA-AC13-EF45E2A239C1}.Debug|Any CPU.ActiveCfg = Debug|Any CPU
		{14167214-E025-49AA-AC13-EF45E2A239C1}.Debug|Any CPU.Build.0 = Debug|Any CPU
		{14167214-E025-49AA-AC13-EF45E2A239C1}.Release|Any CPU.ActiveCfg = Release|Any CPU
		{14167214-E025-49AA-AC13-EF45E2A239C1}.Release|Any CPU.Build.0 = Release|Any CPU
	EndGlobalSection
	GlobalSection(SolutionProperties) = preSolution
		HideSolutionNode = FALSE
	EndGlobalSection
	GlobalSection(ExtensibilityGlobals) = postSolution
		SolutionGuid = {188E3190-EADD-479E-A222-6AEF19D8794C}
	EndGlobalSection
EndGlobal
